        "express": "^4.21.2",
        "supertest": "^6.3.4",
    "node_modules/@noble/hashes": {
      "version": "1.8.0",
      "resolved": "https://registry.npmjs.org/@noble/hashes/-/hashes-1.8.0.tgz",
      "integrity": "sha512-jCs9ldd7NwzpgXDIf6P3+NrHh9/sD6CQdxHyjQI+h/6rDNo88ypBxxz45UDuZHz9r3tNz7N/VInSVoVdtXEI4A==",
      "dev": true,
      "license": "MIT",
      "engines": {
        "node": "^14.21.3 || >=16"
      },
      "funding": {
        "url": "https://paulmillr.com/funding/"
      }
    },
    "node_modules/@paralleldrive/cuid2": {
      "version": "2.2.2",
      "resolved": "https://registry.npmjs.org/@paralleldrive/cuid2/-/cuid2-2.2.2.tgz",
      "integrity": "sha512-ZOBkgDwEdoYVlSeRbYYXs0S9MejQofiVYoTbKzy/6GQa39/q5tQU2IX46+shYnUkpEl3wc+J6wRlar7r2EK2xA==",
      "dev": true,
      "license": "MIT",
      "dependencies": {
        "@noble/hashes": "^1.1.5"
      }
    },
    "node_modules/asap": {
      "version": "2.0.6",
      "resolved": "https://registry.npmjs.org/asap/-/asap-2.0.6.tgz",
      "integrity": "sha512-BSHWgDSAiKs50o2Re8ppvp3seVHXSRM44cdSsT9FfNEUUZLOGWVCsiWaRPWM1Znn+mqZ1OfVZ3z3DWEzSp7hRA==",
      "dev": true,
      "license": "MIT"
    },
    "node_modules/component-emitter": {
      "version": "1.3.1",
      "resolved": "https://registry.npmjs.org/component-emitter/-/component-emitter-1.3.1.tgz",
      "integrity": "sha512-T0+barUSQRTUQASh8bx02dl+DhF54GtIDY13Y3m9oWTklKbb3Wv974meRpeZ3lp1JpLVECWWNHC4vaG2XHXouQ==",
      "dev": true,
      "license": "MIT",
      "funding": {
        "url": "https://github.com/sponsors/sindresorhus"
      }
    },
    "node_modules/cookiejar": {
      "version": "2.1.4",
      "resolved": "https://registry.npmjs.org/cookiejar/-/cookiejar-2.1.4.tgz",
      "integrity": "sha512-LDx6oHrK+PhzLKJU9j5S7/Y3jM/mUHvD/DeI1WQmJn652iPC5Y4TBzC9l+5OMOXlyTTA+SmVUPm0HQUwpD5Jqw==",
      "dev": true,
      "license": "MIT"
    },
    "node_modules/dezalgo": {
      "version": "1.0.4",
      "resolved": "https://registry.npmjs.org/dezalgo/-/dezalgo-1.0.4.tgz",
      "integrity": "sha512-rXSP0bf+5n0Qonsb+SVVfNfIsimO4HEtmnIpPHY8Q1UCzKlQrDMfdobr8nJOOsRgWCyMRqeSBQzmWUMq7zvVig==",
      "dev": true,
      "license": "ISC",
      "dependencies": {
        "asap": "^2.0.0",
        "wrappy": "1"
      }
    },
    "node_modules/fast-safe-stringify": {
      "version": "2.1.1",
      "resolved": "https://registry.npmjs.org/fast-safe-stringify/-/fast-safe-stringify-2.1.1.tgz",
      "integrity": "sha512-W+KJc2dmILlPplD/H4K9l9LcAHAfPtP6BY84uVLXQ6Evcz9Lcg33Y2z1IVblT6xdY54PXYVHEv+0Wpq8Io6zkA==",
      "dev": true,
      "license": "MIT"
    },
    "node_modules/formidable": {
      "version": "2.1.5",
      "resolved": "https://registry.npmjs.org/formidable/-/formidable-2.1.5.tgz",
      "integrity": "sha512-Oz5Hwvwak/DCaXVVUtPn4oLMLLy1CdclLKO1LFgU7XzDpVMUU5UjlSLpGMocyQNNk8F6IJW9M/YdooSn2MRI+Q==",
      "dev": true,
      "license": "MIT",
      "dependencies": {
        "@paralleldrive/cuid2": "^2.2.2",
        "dezalgo": "^1.0.4",
        "once": "^1.4.0",
        "qs": "^6.11.0"
      },
      "funding": {
        "url": "https://ko-fi.com/tunnckoCore/commissions"
      }
    },
    "node_modules/superagent": {
      "version": "8.1.2",
      "resolved": "https://registry.npmjs.org/superagent/-/superagent-8.1.2.tgz",
      "integrity": "sha512-6WTxW1EB6yCxV5VFOIPQruWGHqc3yI7hEmZK6h+pyk69Lk/Ut7rLUY6W/ONF2MjBuGjvmMiIpsrVJ2vjrHlslA==",
      "deprecated": "Please upgrade to superagent v10.2.2+, see release notes at https://github.com/forwardemail/superagent/releases/tag/v10.2.2 - maintenance is supported by Forward Email @ https://forwardemail.net",
      "dev": true,
      "license": "MIT",
      "dependencies": {
        "component-emitter": "^1.3.0",
        "cookiejar": "^2.1.4",
        "debug": "^4.3.4",
        "fast-safe-stringify": "^2.1.1",
        "form-data": "^4.0.0",
        "formidable": "^2.1.2",
        "methods": "^1.1.2",
        "mime": "2.6.0",
        "qs": "^6.11.0",
        "semver": "^7.3.8"
      },
      "engines": {
        "node": ">=6.4.0 <13 || >=14"
      }
    },
    "node_modules/superagent/node_modules/mime": {
      "version": "2.6.0",
      "resolved": "https://registry.npmjs.org/mime/-/mime-2.6.0.tgz",
      "integrity": "sha512-USPkMeET31rOMiarsBNIHZKLGgvKc/LrjofAnBlOttf5ajRvqiRA8QsenbcooctK6d6Ts6aqZXBA+XbkKthiQg==",
      "dev": true,
      "license": "MIT",
      "bin": {
        "mime": "cli.js"
      },
      "engines": {
        "node": ">=4.0.0"
      }
    },
    "node_modules/supertest": {
      "version": "6.3.4",
      "resolved": "https://registry.npmjs.org/supertest/-/supertest-6.3.4.tgz",
      "integrity": "sha512-erY3HFDG0dPnhw4U+udPfrzXa4xhSG+n4rxfRuZWCUvjFWwKl+OxWf/7zk50s84/fAAs7vf5QAb9uRa0cCykxw==",
      "deprecated": "Please upgrade to supertest v7.1.3+, see release notes at https://github.com/forwardemail/supertest/releases/tag/v7.1.3 - maintenance is supported by Forward Email @ https://forwardemail.net",
      "dev": true,
      "license": "MIT",
      "dependencies": {
        "methods": "^1.1.2",
        "superagent": "^8.1.2"
      },
      "engines": {
        "node": ">=6.4.0"
      }
    },
    "@noble/hashes": {
      "version": "1.8.0",
      "resolved": "https://registry.npmjs.org/@noble/hashes/-/hashes-1.8.0.tgz",
      "integrity": "sha512-jCs9ldd7NwzpgXDIf6P3+NrHh9/sD6CQdxHyjQI+h/6rDNo88ypBxxz45UDuZHz9r3tNz7N/VInSVoVdtXEI4A==",
      "dev": true
    },
    "@paralleldrive/cuid2": {
      "version": "2.2.2",
      "resolved": "https://registry.npmjs.org/@paralleldrive/cuid2/-/cuid2-2.2.2.tgz",
      "integrity": "sha512-ZOBkgDwEdoYVlSeRbYYXs0S9MejQofiVYoTbKzy/6GQa39/q5tQU2IX46+shYnUkpEl3wc+J6wRlar7r2EK2xA==",
      "dev": true,
      "requires": {
        "@noble/hashes": "^1.1.5"
      }
    },
    "asap": {
      "version": "2.0.6",
      "resolved": "https://registry.npmjs.org/asap/-/asap-2.0.6.tgz",
      "integrity": "sha512-BSHWgDSAiKs50o2Re8ppvp3seVHXSRM44cdSsT9FfNEUUZLOGWVCsiWaRPWM1Znn+mqZ1OfVZ3z3DWEzSp7hRA==",
      "dev": true
    },
    "component-emitter": {
      "version": "1.3.1",
      "resolved": "https://registry.npmjs.org/component-emitter/-/component-emitter-1.3.1.tgz",
      "integrity": "sha512-T0+barUSQRTUQASh8bx02dl+DhF54GtIDY13Y3m9oWTklKbb3Wv974meRpeZ3lp1JpLVECWWNHC4vaG2XHXouQ==",
      "dev": true
    },
    "cookiejar": {
      "version": "2.1.4",
      "resolved": "https://registry.npmjs.org/cookiejar/-/cookiejar-2.1.4.tgz",
      "integrity": "sha512-LDx6oHrK+PhzLKJU9j5S7/Y3jM/mUHvD/DeI1WQmJn652iPC5Y4TBzC9l+5OMOXlyTTA+SmVUPm0HQUwpD5Jqw==",
      "dev": true
    },
    "dezalgo": {
      "version": "1.0.4",
      "resolved": "https://registry.npmjs.org/dezalgo/-/dezalgo-1.0.4.tgz",
      "integrity": "sha512-rXSP0bf+5n0Qonsb+SVVfNfIsimO4HEtmnIpPHY8Q1UCzKlQrDMfdobr8nJOOsRgWCyMRqeSBQzmWUMq7zvVig==",
      "dev": true,
      "requires": {
        "asap": "^2.0.0",
        "wrappy": "1"
      }
    },
    "fast-safe-stringify": {
      "version": "2.1.1",
      "resolved": "https://registry.npmjs.org/fast-safe-stringify/-/fast-safe-stringify-2.1.1.tgz",
      "integrity": "sha512-W+KJc2dmILlPplD/H4K9l9LcAHAfPtP6BY84uVLXQ6Evcz9Lcg33Y2z1IVblT6xdY54PXYVHEv+0Wpq8Io6zkA==",
      "dev": true
    },
    "formidable": {
      "version": "2.1.5",
      "resolved": "https://registry.npmjs.org/formidable/-/formidable-2.1.5.tgz",
      "integrity": "sha512-Oz5Hwvwak/DCaXVVUtPn4oLMLLy1CdclLKO1LFgU7XzDpVMUU5UjlSLpGMocyQNNk8F6IJW9M/YdooSn2MRI+Q==",
      "dev": true,
      "requires": {
        "@paralleldrive/cuid2": "^2.2.2",
        "dezalgo": "^1.0.4",
        "once": "^1.4.0",
        "qs": "^6.11.0"
      }
    },
    "superagent": {
      "version": "8.1.2",
      "resolved": "https://registry.npmjs.org/superagent/-/superagent-8.1.2.tgz",
      "integrity": "sha512-6WTxW1EB6yCxV5VFOIPQruWGHqc3yI7hEmZK6h+pyk69Lk/Ut7rLUY6W/ONF2MjBuGjvmMiIpsrVJ2vjrHlslA==",
      "dev": true,
      "requires": {
        "component-emitter": "^1.3.0",
        "cookiejar": "^2.1.4",
        "debug": "^4.3.4",
        "fast-safe-stringify": "^2.1.1",
        "form-data": "^4.0.0",
        "formidable": "^2.1.2",
        "methods": "^1.1.2",
        "mime": "2.6.0",
        "qs": "^6.11.0",
        "semver": "^7.3.8"
      },
      "dependencies": {
        "mime": {
          "version": "2.6.0",
          "resolved": "https://registry.npmjs.org/mime/-/mime-2.6.0.tgz",
          "integrity": "sha512-USPkMeET31rOMiarsBNIHZKLGgvKc/LrjofAnBlOttf5ajRvqiRA8QsenbcooctK6d6Ts6aqZXBA+XbkKthiQg==",
          "dev": true
        }
      }
    },
    "supertest": {
      "version": "6.3.4",
      "resolved": "https://registry.npmjs.org/supertest/-/supertest-6.3.4.tgz",
      "integrity": "sha512-erY3HFDG0dPnhw4U+udPfrzXa4xhSG+n4rxfRuZWCUvjFWwKl+OxWf/7zk50s84/fAAs7vf5QAb9uRa0cCykxw==",
      "dev": true,
      "requires": {
        "methods": "^1.1.2",
        "superagent": "^8.1.2"
      }
    },
